{
    "version": "0.5",
    "requires": [
        "zlib/1.3.1#cac0f6daea041b0ccf42934163defb20%1765284699.337",
        "util-linux-libuuid/2.39.2#1dfa3ed14bda06d72ffda9104262e4a5%1781172625.037",
        "trantor/1.5.26#93b95558caf83407405ab7cf1bce0a46%1777644957.057",
        "sqlite3/3.53.3#3e65f6cb355519ff366968fd823fb057%1782637204.273",
        "openssl/3.5.7#2a1163c3859f349512f8a1d1ac64d808%1781031657.767",
        "lz4/1.9.4#a2f02ad3908618757c68d3618256a196%1775037236.076",
        "libpq/17.7#aa6656d9312cf53600d124bd422673fa%1771607926.385",
        "libiconv/1.17#9923bc6dc6f106646d6967e0039a5ada%1774021608.288",
        "libcurl/8.6.0#1daf20281d5c28d4999ecde631e15790%1745508823.999",
        "libbacktrace/cci.20210118#a7691bfccd8caaf66309df196790a5a1%1722218217.276",
        "jsoncpp/1.9.5#9415a4cf4d2e8965408f3a01a8339b48%1726135495.806",
        "hiredis/1.2.0#a9ec78dc570138db9159da885150781d%1744279487.701",
        "gtest/1.14.0#f8f0757a574a8dd747d16af62d6eb1b7%1743410807.169",
        "drogon/1.9.13#251680a44562cf10050d53c0259876d5%1778471907.643",
        "c-ares/1.34.6#545240bb1c40e2cacd4362d6b8967650%1766500685.317",
        "bzip2/1.0.8#c470882369c2d95c5c77e970c0c7e321%1762886692.465",
        "brotli/1.1.0#3f631ef77008f7b5eb388780116371a3%1764862343.045",
        "boost/1.83.0#2470a264b95ae241930ac832645b2bfd%1783009569.438"
    ],
    "build_requires": [
        "winflexbison/2.5.25#c61164028f2b2a92ac8fe3e70d008a57%1772705002.618",
        "strawberryperl/5.32.1.1#8d114504d172cfea8ea1662d09b6333e%1751971032.423",
        "pkgconf/2.5.1#93c2051284cba1279494a43a4fcfeae2%1757684701.089",
        "ninja/1.13.2#c8c5dc2a52ed6e4e42a66d75b4717ceb%1764096931.974",
        "nasm/2.16.01#31e26f2ee3c4346ecd347911bd126904%1745483323.489",
        "msys2/cci.latest#5b73b10144f73cc5bfe0572ed9be39e1%1751977009.857",
        "meson/1.10.2#9d2d10681fe7fe61c788c58626c89b25%1775558003.754",
        "m4/1.4.19#34c4bbc3eeebe98ca6edf2f52d602e7d%1777282960.259",
        "gnu-config/cci.20210814#466e9d4d7779e1c142443f7ea44b4284%1762363589.329",
        "flex/2.6.4#efa781fc5088b47c895bd4eef6911f2e%1761560242.855",
        "bison/3.8.2#c3490cbe0078b6fd3eb4cf5ed64144dc%1755688988.644",
        "b2/5.4.2#ffd6084a119587e70f11cd45d1a386e2%1766594659.866"
    ],
    "python_requires": [],
    "overrides": {
        "openssl/[>=1.1 <4]": [
            "openssl/3.5.7"
        ],
        "zlib/[>=1.2.11 <2]": [
            "zlib/1.3.1#cac0f6daea041b0ccf42934163defb20"
        ],
        "jsoncpp/1.9.5#9415a4cf4d2e8965408f3a01a8339b48": [
            null,
            "jsoncpp/1.9.5"
        ]
    },
    "config_requires": []
}
